// !$*UTF8*$!
{
	archiveVersion = 1;
	classes = {
	};
	objectVersion = 46;
	objects = {

/* Begin PBXBuildFile section */
		836B5A381AB8E5CE0086BF97 /* main.m in Sources */ = {isa = PBXBuildFile; fileRef = 836B5A371AB8E5CE0086BF97 /* main.m */; };
/* End PBXBuildFile section */

/* Begin PBXCopyFilesBuildPhase section */
		836B5A321AB8E5CE0086BF97 /* CopyFiles */ = {
			isa = PBXCopyFilesBuildPhase;
			buildActionMask = 2147483647;
			dstPath = /usr/share/man/man1/;
			dstSubfolderSpec = 0;
			files = (
			);
			runOnlyForDeploymentPostprocessing = 1;
		};
/* End PBXCopyFilesBuildPhase section */

/* Begin PBXFileReference section */
		836B5A341AB8E5CE0086BF97 /* objectAssgn */ = {isa = PBXFileReference; explicitFileType = "compiled.mach-o.executable"; includeInIndex = 0; path = objectAssgn; sourceTree = BUILT_PRODUCTS_DIR; };
		836B5A371AB8E5CE0086BF97 /* main.m */ = {isa = PBXFileReference; lastKnownFileType = sourcecode.c.objc; path = main.m; sourceTree = "<group>"; };
/* End PBXFileReference section */

/* Begin PBXFrameworksBuildPhase section */
		836B5A311AB8E5CE0086BF97 /* Frameworks */ = {
			isa = PBXFrameworksBuildPhase;
			buildActionMask = 2147483647;
			files = (
			);
			runOnlyForDeploymentPostprocessing = 0;
		};
/* End PBXFrameworksBuildPhase section */

/* Begin PBXGroup section */
		836B5A2B1AB8E5CE0086BF97 = {
			isa = PBXGroup;
			children = (
				836B5A361AB8E5CE0086BF97 /* objectAssgn */,
				836B5A351AB8E5CE0086BF97 /* Products */,
			);
			sourceTree = "<group>";
		};
		836B5A351AB8E5CE0086BF97 /* Products */ = {
			isa = PBXGroup;
			children = (
				836B5A341AB8E5CE0086BF97 /* objectAssgn */,
			);
			name = Products;
			sourceTree = "<group>";
		};
		836B5A361AB8E5CE0086BF97 /* objectAssgn */ = {
			isa = PBXGroup;
			children = (
				836B5A371AB8E5CE0086BF97 /* main.m */,
			);
			path = objectAssgn;
			sourceTree = "<group>";
		};
/* End PBXGroup section */

/* Begin PBXNativeTarget section */
		836B5A331AB8E5CE0086BF97 /* objectAssgn */ = {
			isa = PBXNativeTarget;
			buildConfigurationList = 836B5A3B1AB8E5CE0086BF97 /* Build configuration list for PBXNativeTarget "objectAssgn" */;
			buildPhases = (
				836B5A301AB8E5CE0086BF97 /* Sources */,
				836B5A311AB8E5CE0086BF97 /* Frameworks */,
				836B5A321AB8E5CE0086BF97 /* CopyFiles */,
			);
			buildRules = (
			);
			dependencies = (
			);
			name = objectAssgn;
			productName = objectAssgn;
			productReference = 836B5A341AB8E5CE0086BF97 /* objectAssgn */;
			productType = "com.apple.product-type.tool";
		};
/* End PBXNativeTarget section */

/* Begin PBXProject section */
		836B5A2C1AB8E5CE0086BF97 /* Project object */ = {
			isa = PBXProject;
			attributes = {
				LastUpgradeCheck = 0620;
				ORGANIZATIONNAME = "Nitin Pabba";
				TargetAttributes = {
					836B5A331AB8E5CE0086BF97 = {
						CreatedOnToolsVersion = 6.2;
					};
				};
			};
			buildConfigurationList = 836B5A2F1AB8E5CE0086BF97 /* Build configuration list for PBXProject "objectAssgn" */;
			compatibilityVersion = "Xcode 3.2";
			developmentRegion = English;
			hasScannedForEncodings = 0;
			knownRegions = (
				en,
			);
			mainGroup = 836B5A2B1AB8E5CE0086BF97;
			productRefGroup = 836B5A351AB8E5CE0086BF97 /* Products */;
			projectDirPath = "";
			projectRoot = "";
			targets = (
				836B5A331AB8E5CE0086BF97 /* objectAssgn */,
			);
		};
/* End PBXProject section */

/* Begin PBXSourcesBuildPhase section */
		836B5A301AB8E5CE0086BF97 /* Sources */ = {
			isa = PBXSourcesBuildPhase;
			buildActionMask = 2147483647;
			files = (
				836B5A381AB8E5CE0086BF97 /* main.m in Sources */,
			);
			runOnlyForDeploymentPostprocessing = 0;
		};
/* End PBXSourcesBuildPhase section */

/* Begin XCBuildConfiguration section */
		836B5A391AB8E5CE0086BF97 /* Debug */ = {
			isa = XCBuildConfiguration;
			buildSettings = {
				ALWAYS_SEARCH_USER_PATHS = NO;
				CLANG_CXX_LANGUAGE_STANDARD = "gnu++0x";
				CLANG_CXX_LIBRARY = "libc++";
				CLANG_ENABLE_MODULES = YES;
				CLANG_ENABLE_OBJC_ARC = YES;
				CLANG_WARN_BOOL_CONVERSION = YES;
				CLANG_WARN_CONSTANT_CONVERSION = YES;
				CLANG_WARN_DIRECT_OBJC_ISA_USAGE = YES_ERROR;
				CLANG_WARN_EMPTY_BODY = YES;
				CLANG_WARN_ENUM_CONVERSION = YES;
				CLANG_WARN_INT_CONVERSION = YES;
				CLANG_WARN_OBJC_ROOT_CLASS = YES_ERROR;
				CLANG_WARN_UNREACHABLE_CODE = YES;
				CLANG_WARN__DUPLICATE_METHOD_MATCH = YES;
				COPY_PHASE_STRIP = NO;
				ENABLE_STRICT_OBJC_MSGSEND = YES;
				GCC_C_LANGUAGE_STANDARD = gnu99;
				GCC_DYNAMIC_NO_PIC = NO;
				GCC_OPTIMIZATION_LEVEL = 0;
				GCC_PREPROCESSOR_DEFINITIONS = (
					"DEBUG=1",
					"$(inherited)",
				);
				GCC_SYMBOLS_PRIVATE_EXTERN = NO;
				GCC_WARN_64_TO_32_BIT_CONVERSION = YES;
				GCC_WARN_ABOUT_RETURN_TYPE = YES_ERROR;
				GCC_WARN_UNDECLARED_SELECTOR = YES;
				GCC_WARN_UNINITIALIZED_AUTOS = YES_AGGRESSIVE;
				GCC_WARN_UNUSED_FUNCTION = YES;
				GCC_WARN_UNUSED_VARIABLE = YES;
				MACOSX_DEPLOYMENT_TARGET = 10.10;
				MTL_ENABLE_DEBUG_INFO = YES;
				ONLY_ACTIVE_ARCH = YES;
				SDKROOT = macosx;
			};
			name = Debug;
		};
		836B5A3A1AB8E5CE0086BF97 /* Release */ = {
			isa = XCBuildConfiguration;
			buildSettings = {
				ALWAYS_SEARCH_USER_PATHS = NO;
				CLANG_CXX_LANGUAGE_STANDARD = "gnu++0x";
				CLANG_CXX_LIBRARY = "libc++";
				CLANG_ENABLE_MODULES = YES;
				CLANG_ENABLE_OBJC_ARC = YES;
				CLANG_WARN_BOOL_CONVERSION = YES;
				CLANG_WARN_CONSTANT_CONVERSION = YES;
				CLANG_WARN_DIRECT_OBJC_ISA_USAGE = YES_ERROR;
				CLANG_WARN_EMPTY_BODY = YES;
				CLANG_WARN_ENUM_CONVERSION = YES;
				CLANG_WARN_INT_CONVERSION = YES;
				CLANG_WARN_OBJC_ROOT_CLASS = YES_ERROR;
				CLANG_WARN_UNREACHABLE_CODE = YES;
				CLANG_WARN__DUPLICATE_METHOD_MATCH = YES;
				COPY_PHASE_STRIP = NO;
				DEBUG_INFORMATION_FORMAT = "dwarf-with-dsym";
				ENABLE_NS_ASSERTIONS = NO;
				ENABLE_STRICT_OBJC_MSGSEND = YES;
				GCC_C_LANGUAGE_STANDARD = gnu99;
				GCC_WARN_64_TO_32_BIT_CONVERSION = YES;
				GCC_WARN_ABOUT_RETURN_TYPE = YES_ERROR;
				GCC_WARN_UNDECLARED_SELECTOR = YES;
				GCC_WARN_UNINITIALIZED_AUTOS = YES_AGGRESSIVE;
				GCC_WARN_UNUSED_FUNCTION = YES;
				GCC_WARN_UNUSED_VARIABLE = YES;
				MACOSX_DEPLOYMENT_TARGET = 10.10;
				MTL_ENABLE_DEBUG_INFO = NO;
				SDKROOT = macosx;
			};
			name = Release;
		};
		836B5A3C1AB8E5CE0086BF97 /* Debug */ = {
			isa = XCBuildConfiguration;
			buildSettings = {
				PRODUCT_NAME = "$(TARGET_NAME)";
			};
			name = Debug;
		};
		836B5A3D1AB8E5CE0086BF97 /* Release */ = {
			isa = XCBuildConfiguration;
			buildSettings = {
				PRODUCT_NAME = "$(TARGET_NAME)";
			};
			name = Release;
		};
/* End XCBuildConfiguration section */

/* Begin XCConfigurationList section */
		836B5A2F1AB8E5CE0086BF97 /* Build configuration list for PBXProject "objectAssgn" */ = {
			isa = XCConfigurationList;
			buildConfigurations = (
				836B5A391AB8E5CE0086BF97 /* Debug */,
				836B5A3A1AB8E5CE0086BF97 /* Release */,
			);
			defaultConfigurationIsVisible = 0;
			defaultConfigurationName = Release;
		};
		836B5A3B1AB8E5CE0086BF97 /* Build configuration list for PBXNativeTarget "objectAssgn" */ = {
			isa = XCConfigurationList;
			buildConfigurations = (
				836B5A3C1AB8E5CE0086BF97 /* Debug */,
				836B5A3D1AB8E5CE0086BF97 /* Release */,
			);
			defaultConfigurationIsVisible = 0;
		};
/* End XCConfigurationList section */
	};
	rootObject = 836B5A2C1AB8E5CE0086BF97 /* Project object */;
}
